
Microsoft Visual Studio Solution File, Format Version 12.00
# Visual Studio Version 17
VisualStudioVersion = 17.8.34511.84
MinimumVisualStudioVersion = 10.0.40219.1
Project("{FAE04EC0-301F-11D3-BF4B-00C04F79EFBC}") = "TestCICDJenkins", "TestCICDJenkins\TestCICDJenkins.csproj", "{C5798CB3-83BF-4C63-8EC3-8E8741FB3E18}"
EndProject
Project("{FAE04EC0-301F-11D3-BF4B-00C04F79EFBC}") = "TestEmployees", "TestEmployees\TestEmployees.csproj", "{6A78D88A-5E0F-4E20-8440-A0659658FBF1}"
EndProject
Global
	GlobalSection(SolutionConfigurationPlatforms) = preSolution
		Debug|Any CPU = Debug|Any CPU
		Release|Any CPU = Release|Any CPU
	EndGlobalSection
	GlobalSection(ProjectConfigurationPlatforms) = postSolution
		{C5798CB3-83BF-4C63-8EC3-8E8741FB3E18}.Debug|Any CPU.ActiveCfg = Debug|Any CPU
		{C5798CB3-83BF-4C63-8EC3-8E8741FB3E18}.Debug|Any CPU.Build.0 = Debug|Any CPU
		{C5798CB3-83BF-4C63-8EC3-8E8741FB3E18}.Release|Any CPU.ActiveCfg = Release|Any CPU
		{C5798CB3-83BF-4C63-8EC3-8E8741FB3E18}.Release|Any CPU.Build.0 = Release|Any CPU
		{6A78D88A-5E0F-4E20-8440-A0659658FBF1}.Debug|Any CPU.ActiveCfg = Debug|Any CPU
		{6A78D88A-5E0F-4E20-8440-A0659658FBF1}.Debug|Any CPU.Build.0 = Debug|Any CPU
		{6A78D88A-5E0F-4E20-8440-A0659658FBF1}.Release|Any CPU.ActiveCfg = Release|Any CPU
		{6A78D88A-5E0F-4E20-8440-A0659658FBF1}.Release|Any CPU.Build.0 = Release|Any CPU
	EndGlobalSection
	GlobalSection(SolutionProperties) = preSolution
		HideSolutionNode = FALSE
	EndGlobalSection
	GlobalSection(ExtensibilityGlobals) = postSolution
		SolutionGuid = {74431F9B-4548-46B7-AEBE-E6D8EF601A63}
	EndGlobalSection
EndGlobal
