
Microsoft Visual Studio Solution File, Format Version 12.00
# Visual Studio Version 17
VisualStudioVersion = 17.8.34511.84
MinimumVisualStudioVersion = 10.0.40219.1
Project("{FAE04EC0-301F-11D3-BF4B-00C04F79EFBC}") = "TestCICDjenkins2", "TestCICDjenkins2\TestCICDjenkins2.csproj", "{C897F078-5E29-49B4-9EF8-619B2CF4447D}"
EndProject
Project("{FAE04EC0-301F-11D3-BF4B-00C04F79EFBC}") = "TestEmployees", "TestEmployees\TestEmployees.csproj", "{0B167F49-8732-4622-85AA-BB740B723BB3}"
EndProject
Global
	GlobalSection(SolutionConfigurationPlatforms) = preSolution
		Debug|Any CPU = Debug|Any CPU
		Release|Any CPU = Release|Any CPU
	EndGlobalSection
	GlobalSection(ProjectConfigurationPlatforms) = postSolution
		{C897F078-5E29-49B4-9EF8-619B2CF4447D}.Debug|Any CPU.ActiveCfg = Debug|Any CPU
		{C897F078-5E29-49B4-9EF8-619B2CF4447D}.Debug|Any CPU.Build.0 = Debug|Any CPU
		{C897F078-5E29-49B4-9EF8-619B2CF4447D}.Release|Any CPU.ActiveCfg = Release|Any CPU
		{C897F078-5E29-49B4-9EF8-619B2CF4447D}.Release|Any CPU.Build.0 = Release|Any CPU
		{0B167F49-8732-4622-85AA-BB740B723BB3}.Debug|Any CPU.ActiveCfg = Debug|Any CPU
		{0B167F49-8732-4622-85AA-BB740B723BB3}.Debug|Any CPU.Build.0 = Debug|Any CPU
		{0B167F49-8732-4622-85AA-BB740B723BB3}.Release|Any CPU.ActiveCfg = Release|Any CPU
		{0B167F49-8732-4622-85AA-BB740B723BB3}.Release|Any CPU.Build.0 = Release|Any CPU
	EndGlobalSection
	GlobalSection(SolutionProperties) = preSolution
		HideSolutionNode = FALSE
	EndGlobalSection
	GlobalSection(ExtensibilityGlobals) = postSolution
		SolutionGuid = {ACE319BB-A6ED-421B-8B06-60CFEDF7F261}
	EndGlobalSection
EndGlobal
